// !$*UTF8*$!
{
	archiveVersion = 1;
	classes = {
	};
	objectVersion = 46;
	objects = {

/* Begin PBXBuildFile section */
		6514451D91377DEAA63039EE /* Pods_V2exLoginTests.framework in Frameworks */ = {isa = PBXBuildFile; fileRef = E0C6C2EE9807F53B678629B9 /* Pods_V2exLoginTests.framework */; };
		8A68C58DCBA1E4FE6EC46653 /* Pods_V2exLogin.framework in Frameworks */ = {isa = PBXBuildFile; fileRef = E0BCAD1ED999B4B133110E69 /* Pods_V2exLogin.framework */; };
		D63684501DA3490F00255DD5 /* AppDelegate.swift in Sources */ = {isa = PBXBuildFile; fileRef = D636844F1DA3490F00255DD5 /* AppDelegate.swift */; };
		D63684521DA3490F00255DD5 /* ViewController.swift in Sources */ = {isa = PBXBuildFile; fileRef = D63684511DA3490F00255DD5 /* ViewController.swift */; };
		D63684551DA3490F00255DD5 /* Main.storyboard in Resources */ = {isa = PBXBuildFile; fileRef = D63684531DA3490F00255DD5 /* Main.storyboard */; };
		D63684571DA3490F00255DD5 /* Assets.xcassets in Resources */ = {isa = PBXBuildFile; fileRef = D63684561DA3490F00255DD5 /* Assets.xcassets */; };
		D636845A1DA3490F00255DD5 /* LaunchScreen.storyboard in Resources */ = {isa = PBXBuildFile; fileRef = D63684581DA3490F00255DD5 /* LaunchScreen.storyboard */; };
		D63684651DA3490F00255DD5 /* V2exLoginTests.swift in Sources */ = {isa = PBXBuildFile; fileRef = D63684641DA3490F00255DD5 /* V2exLoginTests.swift */; };
		D63684721DA36BB800255DD5 /* V2exHTMLParser.swift in Sources */ = {isa = PBXBuildFile; fileRef = D63684711DA36BB800255DD5 /* V2exHTMLParser.swift */; };
		D636847E1DA3B7E800255DD5 /* V2exLoginManager.swift in Sources */ = {isa = PBXBuildFile; fileRef = D636847D1DA3B7E800255DD5 /* V2exLoginManager.swift */; };
		D63684821DA3B7EC00255DD5 /* V2exAccount.swift in Sources */ = {isa = PBXBuildFile; fileRef = D63684801DA3B7EC00255DD5 /* V2exAccount.swift */; };
		D63684831DA3B7EC00255DD5 /* V2exAppContext.swift in Sources */ = {isa = PBXBuildFile; fileRef = D63684811DA3B7EC00255DD5 /* V2exAppContext.swift */; };
		D63684861DA4B76400255DD5 /* V2exLoginViewController.swift in Sources */ = {isa = PBXBuildFile; fileRef = D63684851DA4B76300255DD5 /* V2exLoginViewController.swift */; };
		D63684881DA4B77B00255DD5 /* V2exLoginViewModel.swift in Sources */ = {isa = PBXBuildFile; fileRef = D63684871DA4B77B00255DD5 /* V2exLoginViewModel.swift */; };
		D63684891DA4BFCC00255DD5 /* V2exAccount.swift in Sources */ = {isa = PBXBuildFile; fileRef = D63684801DA3B7EC00255DD5 /* V2exAccount.swift */; };
		D636848E1DA4C3A800255DD5 /* Locksmith.framework in Frameworks */ = {isa = PBXBuildFile; fileRef = D636848B1DA4C38B00255DD5 /* Locksmith.framework */; };
		D63684901DA4C3F700255DD5 /* Ji.framework in Frameworks */ = {isa = PBXBuildFile; fileRef = D636848F1DA4C3F700255DD5 /* Ji.framework */; };
		D63684941DA4CA1D00255DD5 /* V2exLoginViewModel.swift in Sources */ = {isa = PBXBuildFile; fileRef = D63684871DA4B77B00255DD5 /* V2exLoginViewModel.swift */; };
		D63684951DA4CA2200255DD5 /* V2exAppContext.swift in Sources */ = {isa = PBXBuildFile; fileRef = D63684811DA3B7EC00255DD5 /* V2exAppContext.swift */; };
		D63684961DA4CEB400255DD5 /* V2exHTMLParser.swift in Sources */ = {isa = PBXBuildFile; fileRef = D63684711DA36BB800255DD5 /* V2exHTMLParser.swift */; };
		D63684971DA4CFD800255DD5 /* V2exLoginManager.swift in Sources */ = {isa = PBXBuildFile; fileRef = D636847D1DA3B7E800255DD5 /* V2exLoginManager.swift */; };
		D63684991DA5477200255DD5 /* V2exMember.swift in Sources */ = {isa = PBXBuildFile; fileRef = D63684981DA5477200255DD5 /* V2exMember.swift */; };
		D636849B1DA5492700255DD5 /* V2exViewModel.swift in Sources */ = {isa = PBXBuildFile; fileRef = D636849A1DA5492700255DD5 /* V2exViewModel.swift */; };
		D63684A31DA654FC00255DD5 /* V2exLoginValidation.swift in Sources */ = {isa = PBXBuildFile; fileRef = D63684A21DA654FC00255DD5 /* V2exLoginValidation.swift */; };
		D686A7AB1DAF72E0007A5CF3 /* Moya+ObjectMapper+Rx.swift in Sources */ = {isa = PBXBuildFile; fileRef = D686A7A71DAF72E0007A5CF3 /* Moya+ObjectMapper+Rx.swift */; };
		D686A7AD1DAF72E0007A5CF3 /* V2exAPI+Member.swift in Sources */ = {isa = PBXBuildFile; fileRef = D686A7A91DAF72E0007A5CF3 /* V2exAPI+Member.swift */; };
		D686A7AE1DAF72E0007A5CF3 /* V2exAPI.swift in Sources */ = {isa = PBXBuildFile; fileRef = D686A7AA1DAF72E0007A5CF3 /* V2exAPI.swift */; };
		D686A7AF1DAF778C007A5CF3 /* V2exViewModel.swift in Sources */ = {isa = PBXBuildFile; fileRef = D636849A1DA5492700255DD5 /* V2exViewModel.swift */; };
		D686A7B01DAF779A007A5CF3 /* V2exMember.swift in Sources */ = {isa = PBXBuildFile; fileRef = D63684981DA5477200255DD5 /* V2exMember.swift */; };
		D686A7B11DAF77AB007A5CF3 /* V2exLoginValidation.swift in Sources */ = {isa = PBXBuildFile; fileRef = D63684A21DA654FC00255DD5 /* V2exLoginValidation.swift */; };
		D686A7B21DAF77C1007A5CF3 /* V2exAPI.swift in Sources */ = {isa = PBXBuildFile; fileRef = D686A7AA1DAF72E0007A5CF3 /* V2exAPI.swift */; };
		D686A7BB1DAFB27B007A5CF3 /* V2exTopic.swift in Sources */ = {isa = PBXBuildFile; fileRef = D686A7BA1DAFB27B007A5CF3 /* V2exTopic.swift */; };
		D686A7BD1DAFB354007A5CF3 /* V2exNode.swift in Sources */ = {isa = PBXBuildFile; fileRef = D686A7BC1DAFB354007A5CF3 /* V2exNode.swift */; };
		D686A7BF1DAFB3B5007A5CF3 /* V2exAvatar.swift in Sources */ = {isa = PBXBuildFile; fileRef = D686A7BE1DAFB3B5007A5CF3 /* V2exAvatar.swift */; };
		D686A7C11DAFB5A7007A5CF3 /* V2exAPI+Topic.swift in Sources */ = {isa = PBXBuildFile; fileRef = D686A7C01DAFB5A7007A5CF3 /* V2exAPI+Topic.swift */; };
		D686A7C31DAFB5B9007A5CF3 /* V2exAPI+Node.swift in Sources */ = {isa = PBXBuildFile; fileRef = D686A7C21DAFB5B9007A5CF3 /* V2exAPI+Node.swift */; };
		D686A7C51DAFBEBC007A5CF3 /* V2exReply.swift in Sources */ = {isa = PBXBuildFile; fileRef = D686A7C41DAFBEBC007A5CF3 /* V2exReply.swift */; };
		D686A7C71DAFBFC4007A5CF3 /* V2exAPI+Reply.swift in Sources */ = {isa = PBXBuildFile; fileRef = D686A7C61DAFBFC4007A5CF3 /* V2exAPI+Reply.swift */; };
		D686A7C81DAFC106007A5CF3 /* V2exReply.swift in Sources */ = {isa = PBXBuildFile; fileRef = D686A7C41DAFBEBC007A5CF3 /* V2exReply.swift */; };
		D686A7C91DAFC108007A5CF3 /* V2exAvatar.swift in Sources */ = {isa = PBXBuildFile; fileRef = D686A7BE1DAFB3B5007A5CF3 /* V2exAvatar.swift */; };
		D686A7CA1DAFC10C007A5CF3 /* V2exNode.swift in Sources */ = {isa = PBXBuildFile; fileRef = D686A7BC1DAFB354007A5CF3 /* V2exNode.swift */; };
		D686A7CB1DAFC10F007A5CF3 /* V2exTopic.swift in Sources */ = {isa = PBXBuildFile; fileRef = D686A7BA1DAFB27B007A5CF3 /* V2exTopic.swift */; };
		D686A7D01DAFC1A1007A5CF3 /* V2exAPI+Login.swift in Sources */ = {isa = PBXBuildFile; fileRef = D686A7A81DAF72E0007A5CF3 /* V2exAPI+Login.swift */; };
		D686A7D11DAFC1A2007A5CF3 /* V2exAPI+Login.swift in Sources */ = {isa = PBXBuildFile; fileRef = D686A7A81DAF72E0007A5CF3 /* V2exAPI+Login.swift */; };
/* End PBXBuildFile section */

/* Begin PBXContainerItemProxy section */
		D63684611DA3490F00255DD5 /* PBXContainerItemProxy */ = {
			isa = PBXContainerItemProxy;
			containerPortal = D63684441DA3490F00255DD5 /* Project object */;
			proxyType = 1;
			remoteGlobalIDString = D636844B1DA3490F00255DD5;
			remoteInfo = V2exLogin;
		};
/* End PBXContainerItemProxy section */

/* Begin PBXFileReference section */
		29BEF721AE0721BAEEC2EEFB /* Pods-V2exLoginTests.release.xcconfig */ = {isa = PBXFileReference; includeInIndex = 1; lastKnownFileType = text.xcconfig; name = "Pods-V2exLoginTests.release.xcconfig"; path = "Pods/Target Support Files/Pods-V2exLoginTests/Pods-V2exLoginTests.release.xcconfig"; sourceTree = "<group>"; };
		7D71012EF0DEC969BCDEF2C8 /* Pods-V2exLogin.debug.xcconfig */ = {isa = PBXFileReference; includeInIndex = 1; lastKnownFileType = text.xcconfig; name = "Pods-V2exLogin.debug.xcconfig"; path = "Pods/Target Support Files/Pods-V2exLogin/Pods-V2exLogin.debug.xcconfig"; sourceTree = "<group>"; };
		C4F1E30B8710ADA7DE6A8719 /* Pods-V2exLogin.release.xcconfig */ = {isa = PBXFileReference; includeInIndex = 1; lastKnownFileType = text.xcconfig; name = "Pods-V2exLogin.release.xcconfig"; path = "Pods/Target Support Files/Pods-V2exLogin/Pods-V2exLogin.release.xcconfig"; sourceTree = "<group>"; };
		D636844C1DA3490F00255DD5 /* V2exLogin.app */ = {isa = PBXFileReference; explicitFileType = wrapper.application; includeInIndex = 0; path = V2exLogin.app; sourceTree = BUILT_PRODUCTS_DIR; };
		D636844F1DA3490F00255DD5 /* AppDelegate.swift */ = {isa = PBXFileReference; lastKnownFileType = sourcecode.swift; path = AppDelegate.swift; sourceTree = "<group>"; };
		D63684511DA3490F00255DD5 /* ViewController.swift */ = {isa = PBXFileReference; lastKnownFileType = sourcecode.swift; path = ViewController.swift; sourceTree = "<group>"; };
		D63684541DA3490F00255DD5 /* Base */ = {isa = PBXFileReference; lastKnownFileType = file.storyboard; name = Base; path = Base.lproj/Main.storyboard; sourceTree = "<group>"; };
		D63684561DA3490F00255DD5 /* Assets.xcassets */ = {isa = PBXFileReference; lastKnownFileType = folder.assetcatalog; path = Assets.xcassets; sourceTree = "<group>"; };
		D63684591DA3490F00255DD5 /* Base */ = {isa = PBXFileReference; lastKnownFileType = file.storyboard; name = Base; path = Base.lproj/LaunchScreen.storyboard; sourceTree = "<group>"; };
		D636845B1DA3490F00255DD5 /* Info.plist */ = {isa = PBXFileReference; lastKnownFileType = text.plist.xml; path = Info.plist; sourceTree = "<group>"; };
		D63684601DA3490F00255DD5 /* V2exLoginTests.xctest */ = {isa = PBXFileReference; explicitFileType = wrapper.cfbundle; includeInIndex = 0; path = V2exLoginTests.xctest; sourceTree = BUILT_PRODUCTS_DIR; };
		D63684641DA3490F00255DD5 /* V2exLoginTests.swift */ = {isa = PBXFileReference; lastKnownFileType = sourcecode.swift; path = V2exLoginTests.swift; sourceTree = "<group>"; };
		D63684661DA3490F00255DD5 /* Info.plist */ = {isa = PBXFileReference; lastKnownFileType = text.plist.xml; path = Info.plist; sourceTree = "<group>"; };
		D63684711DA36BB800255DD5 /* V2exHTMLParser.swift */ = {isa = PBXFileReference; fileEncoding = 4; lastKnownFileType = sourcecode.swift; path = V2exHTMLParser.swift; sourceTree = "<group>"; };
		D636847D1DA3B7E800255DD5 /* V2exLoginManager.swift */ = {isa = PBXFileReference; fileEncoding = 4; lastKnownFileType = sourcecode.swift; path = V2exLoginManager.swift; sourceTree = "<group>"; };
		D63684801DA3B7EC00255DD5 /* V2exAccount.swift */ = {isa = PBXFileReference; fileEncoding = 4; lastKnownFileType = sourcecode.swift; path = V2exAccount.swift; sourceTree = "<group>"; };
		D63684811DA3B7EC00255DD5 /* V2exAppContext.swift */ = {isa = PBXFileReference; fileEncoding = 4; lastKnownFileType = sourcecode.swift; path = V2exAppContext.swift; sourceTree = "<group>"; };
		D63684851DA4B76300255DD5 /* V2exLoginViewController.swift */ = {isa = PBXFileReference; fileEncoding = 4; lastKnownFileType = sourcecode.swift; path = V2exLoginViewController.swift; sourceTree = "<group>"; };
		D63684871DA4B77B00255DD5 /* V2exLoginViewModel.swift */ = {isa = PBXFileReference; fileEncoding = 4; lastKnownFileType = sourcecode.swift; path = V2exLoginViewModel.swift; sourceTree = "<group>"; };
		D636848B1DA4C38B00255DD5 /* Locksmith.framework */ = {isa = PBXFileReference; lastKnownFileType = wrapper.framework; name = Locksmith.framework; path = "../../Library/Developer/Xcode/DerivedData/V2exLogin-bagrqquivnuvuhbiqenplnvaijzg/Build/Products/Debug-iphoneos/Locksmith/Locksmith.framework"; sourceTree = "<group>"; };
		D636848F1DA4C3F700255DD5 /* Ji.framework */ = {isa = PBXFileReference; lastKnownFileType = wrapper.framework; name = Ji.framework; path = "../../Library/Developer/Xcode/DerivedData/V2exLogin-bagrqquivnuvuhbiqenplnvaijzg/Build/Products/Debug-iphoneos/Ji/Ji.framework"; sourceTree = "<group>"; };
		D63684981DA5477200255DD5 /* V2exMember.swift */ = {isa = PBXFileReference; fileEncoding = 4; lastKnownFileType = sourcecode.swift; path = V2exMember.swift; sourceTree = "<group>"; };
		D636849A1DA5492700255DD5 /* V2exViewModel.swift */ = {isa = PBXFileReference; fileEncoding = 4; lastKnownFileType = sourcecode.swift; path = V2exViewModel.swift; sourceTree = "<group>"; };
		D63684A21DA654FC00255DD5 /* V2exLoginValidation.swift */ = {isa = PBXFileReference; fileEncoding = 4; lastKnownFileType = sourcecode.swift; path = V2exLoginValidation.swift; sourceTree = "<group>"; };
		D686A7A71DAF72E0007A5CF3 /* Moya+ObjectMapper+Rx.swift */ = {isa = PBXFileReference; fileEncoding = 4; lastKnownFileType = sourcecode.swift; path = "Moya+ObjectMapper+Rx.swift"; sourceTree = "<group>"; };
		D686A7A81DAF72E0007A5CF3 /* V2exAPI+Login.swift */ = {isa = PBXFileReference; fileEncoding = 4; lastKnownFileType = sourcecode.swift; path = "V2exAPI+Login.swift"; sourceTree = "<group>"; };
		D686A7A91DAF72E0007A5CF3 /* V2exAPI+Member.swift */ = {isa = PBXFileReference; fileEncoding = 4; lastKnownFileType = sourcecode.swift; path = "V2exAPI+Member.swift"; sourceTree = "<group>"; };
		D686A7AA1DAF72E0007A5CF3 /* V2exAPI.swift */ = {isa = PBXFileReference; fileEncoding = 4; lastKnownFileType = sourcecode.swift; path = V2exAPI.swift; sourceTree = "<group>"; };
		D686A7BA1DAFB27B007A5CF3 /* V2exTopic.swift */ = {isa = PBXFileReference; fileEncoding = 4; lastKnownFileType = sourcecode.swift; path = V2exTopic.swift; sourceTree = "<group>"; };
		D686A7BC1DAFB354007A5CF3 /* V2exNode.swift */ = {isa = PBXFileReference; fileEncoding = 4; lastKnownFileType = sourcecode.swift; path = V2exNode.swift; sourceTree = "<group>"; };
		D686A7BE1DAFB3B5007A5CF3 /* V2exAvatar.swift */ = {isa = PBXFileReference; fileEncoding = 4; lastKnownFileType = sourcecode.swift; path = V2exAvatar.swift; sourceTree = "<group>"; };
		D686A7C01DAFB5A7007A5CF3 /* V2exAPI+Topic.swift */ = {isa = PBXFileReference; fileEncoding = 4; lastKnownFileType = sourcecode.swift; path = "V2exAPI+Topic.swift"; sourceTree = "<group>"; };
		D686A7C21DAFB5B9007A5CF3 /* V2exAPI+Node.swift */ = {isa = PBXFileReference; fileEncoding = 4; lastKnownFileType = sourcecode.swift; path = "V2exAPI+Node.swift"; sourceTree = "<group>"; };
		D686A7C41DAFBEBC007A5CF3 /* V2exReply.swift */ = {isa = PBXFileReference; fileEncoding = 4; lastKnownFileType = sourcecode.swift; path = V2exReply.swift; sourceTree = "<group>"; };
		D686A7C61DAFBFC4007A5CF3 /* V2exAPI+Reply.swift */ = {isa = PBXFileReference; fileEncoding = 4; lastKnownFileType = sourcecode.swift; path = "V2exAPI+Reply.swift"; sourceTree = "<group>"; };
		E0BCAD1ED999B4B133110E69 /* Pods_V2exLogin.framework */ = {isa = PBXFileReference; explicitFileType = wrapper.framework; includeInIndex = 0; path = Pods_V2exLogin.framework; sourceTree = BUILT_PRODUCTS_DIR; };
		E0C6C2EE9807F53B678629B9 /* Pods_V2exLoginTests.framework */ = {isa = PBXFileReference; explicitFileType = wrapper.framework; includeInIndex = 0; path = Pods_V2exLoginTests.framework; sourceTree = BUILT_PRODUCTS_DIR; };
		E6F1F559C34A8B154AF255B2 /* Pods-V2exLoginTests.debug.xcconfig */ = {isa = PBXFileReference; includeInIndex = 1; lastKnownFileType = text.xcconfig; name = "Pods-V2exLoginTests.debug.xcconfig"; path = "Pods/Target Support Files/Pods-V2exLoginTests/Pods-V2exLoginTests.debug.xcconfig"; sourceTree = "<group>"; };
/* End PBXFileReference section */

/* Begin PBXFrameworksBuildPhase section */
		D63684491DA3490F00255DD5 /* Frameworks */ = {
			isa = PBXFrameworksBuildPhase;
			buildActionMask = 2147483647;
			files = (
				8A68C58DCBA1E4FE6EC46653 /* Pods_V2exLogin.framework in Frameworks */,
			);
			runOnlyForDeploymentPostprocessing = 0;
		};
		D636845D1DA3490F00255DD5 /* Frameworks */ = {
			isa = PBXFrameworksBuildPhase;
			buildActionMask = 2147483647;
			files = (
				D63684901DA4C3F700255DD5 /* Ji.framework in Frameworks */,
				D636848E1DA4C3A800255DD5 /* Locksmith.framework in Frameworks */,
				6514451D91377DEAA63039EE /* Pods_V2exLoginTests.framework in Frameworks */,
			);
			runOnlyForDeploymentPostprocessing = 0;
		};
/* End PBXFrameworksBuildPhase section */

/* Begin PBXGroup section */
		4AF390B8F6FF8B348277791B /* Pods */ = {
			isa = PBXGroup;
			children = (
				7D71012EF0DEC969BCDEF2C8 /* Pods-V2exLogin.debug.xcconfig */,
				C4F1E30B8710ADA7DE6A8719 /* Pods-V2exLogin.release.xcconfig */,
				E6F1F559C34A8B154AF255B2 /* Pods-V2exLoginTests.debug.xcconfig */,
				29BEF721AE0721BAEEC2EEFB /* Pods-V2exLoginTests.release.xcconfig */,
			);
			name = Pods;
			sourceTree = "<group>";
		};
		B26D54A3FC65B1316CD5E459 /* Frameworks */ = {
			isa = PBXGroup;
			children = (
				D636848F1DA4C3F700255DD5 /* Ji.framework */,
				D636848B1DA4C38B00255DD5 /* Locksmith.framework */,
				E0BCAD1ED999B4B133110E69 /* Pods_V2exLogin.framework */,
				E0C6C2EE9807F53B678629B9 /* Pods_V2exLoginTests.framework */,
			);
			name = Frameworks;
			sourceTree = "<group>";
		};
		D63684431DA3490F00255DD5 = {
			isa = PBXGroup;
			children = (
				D636844E1DA3490F00255DD5 /* V2exLogin */,
				D63684631DA3490F00255DD5 /* V2exLoginTests */,
				D636844D1DA3490F00255DD5 /* Products */,
				4AF390B8F6FF8B348277791B /* Pods */,
				B26D54A3FC65B1316CD5E459 /* Frameworks */,
			);
			sourceTree = "<group>";
		};
		D636844D1DA3490F00255DD5 /* Products */ = {
			isa = PBXGroup;
			children = (
				D636844C1DA3490F00255DD5 /* V2exLogin.app */,
				D63684601DA3490F00255DD5 /* V2exLoginTests.xctest */,
			);
			name = Products;
			sourceTree = "<group>";
		};
		D636844E1DA3490F00255DD5 /* V2exLogin */ = {
			isa = PBXGroup;
			children = (
				D686A7A61DAF72E0007A5CF3 /* API */,
				D636847F1DA3B7EC00255DD5 /* AppContext */,
				D636847C1DA3B7E800255DD5 /* Login */,
				D63684711DA36BB800255DD5 /* V2exHTMLParser.swift */,
				D636849A1DA5492700255DD5 /* V2exViewModel.swift */,
				D636844F1DA3490F00255DD5 /* AppDelegate.swift */,
				D63684511DA3490F00255DD5 /* ViewController.swift */,
				D63684531DA3490F00255DD5 /* Main.storyboard */,
				D63684561DA3490F00255DD5 /* Assets.xcassets */,
				D63684581DA3490F00255DD5 /* LaunchScreen.storyboard */,
				D636845B1DA3490F00255DD5 /* Info.plist */,
			);
			path = V2exLogin;
			sourceTree = "<group>";
		};
		D63684631DA3490F00255DD5 /* V2exLoginTests */ = {
			isa = PBXGroup;
			children = (
				D63684641DA3490F00255DD5 /* V2exLoginTests.swift */,
				D63684661DA3490F00255DD5 /* Info.plist */,
			);
			path = V2exLoginTests;
			sourceTree = "<group>";
		};
		D636847C1DA3B7E800255DD5 /* Login */ = {
			isa = PBXGroup;
			children = (
				D636847D1DA3B7E800255DD5 /* V2exLoginManager.swift */,
				D63684851DA4B76300255DD5 /* V2exLoginViewController.swift */,
				D63684871DA4B77B00255DD5 /* V2exLoginViewModel.swift */,
				D63684A21DA654FC00255DD5 /* V2exLoginValidation.swift */,
			);
			path = Login;
			sourceTree = "<group>";
		};
		D636847F1DA3B7EC00255DD5 /* AppContext */ = {
			isa = PBXGroup;
			children = (
				D63684811DA3B7EC00255DD5 /* V2exAppContext.swift */,
				D63684801DA3B7EC00255DD5 /* V2exAccount.swift */,
				D63684981DA5477200255DD5 /* V2exMember.swift */,
				D686A7BA1DAFB27B007A5CF3 /* V2exTopic.swift */,
				D686A7BC1DAFB354007A5CF3 /* V2exNode.swift */,
				D686A7BE1DAFB3B5007A5CF3 /* V2exAvatar.swift */,
				D686A7C41DAFBEBC007A5CF3 /* V2exReply.swift */,
			);
			path = AppContext;
			sourceTree = "<group>";
		};
		D686A7A61DAF72E0007A5CF3 /* API */ = {
			isa = PBXGroup;
			children = (
				D686A7A71DAF72E0007A5CF3 /* Moya+ObjectMapper+Rx.swift */,
				D686A7A81DAF72E0007A5CF3 /* V2exAPI+Login.swift */,
				D686A7C01DAFB5A7007A5CF3 /* V2exAPI+Topic.swift */,
				D686A7A91DAF72E0007A5CF3 /* V2exAPI+Member.swift */,
				D686A7C21DAFB5B9007A5CF3 /* V2exAPI+Node.swift */,
				D686A7C61DAFBFC4007A5CF3 /* V2exAPI+Reply.swift */,
				D686A7AA1DAF72E0007A5CF3 /* V2exAPI.swift */,
			);
			path = API;
			sourceTree = "<group>";
		};
/* End PBXGroup section */

/* Begin PBXNativeTarget section */
		D636844B1DA3490F00255DD5 /* V2exLogin */ = {
			isa = PBXNativeTarget;
			buildConfigurationList = D63684691DA3490F00255DD5 /* Build configuration list for PBXNativeTarget "V2exLogin" */;
			buildPhases = (
				F747AB148C71B901FF73A002 /* [CP] Check Pods Manifest.lock */,
				D63684481DA3490F00255DD5 /* Sources */,
				D63684491DA3490F00255DD5 /* Frameworks */,
				D636844A1DA3490F00255DD5 /* Resources */,
				72E233A45AD7E51166E1CD06 /* [CP] Embed Pods Frameworks */,
				92D94132DBCF2298E644FB27 /* [CP] Copy Pods Resources */,
			);
			buildRules = (
			);
			dependencies = (
			);
			name = V2exLogin;
			productName = V2exLogin;
			productReference = D636844C1DA3490F00255DD5 /* V2exLogin.app */;
			productType = "com.apple.product-type.application";
		};
		D636845F1DA3490F00255DD5 /* V2exLoginTests */ = {
			isa = PBXNativeTarget;
			buildConfigurationList = D636846C1DA3490F00255DD5 /* Build configuration list for PBXNativeTarget "V2exLoginTests" */;
			buildPhases = (
				A3C165FEF8BF81CFE2554D77 /* [CP] Check Pods Manifest.lock */,
				D636845C1DA3490F00255DD5 /* Sources */,
				D636845D1DA3490F00255DD5 /* Frameworks */,
				D636845E1DA3490F00255DD5 /* Resources */,
				33405474342A7AD460C80A11 /* [CP] Embed Pods Frameworks */,
				679EF1D2E2FFDB679B2E8CAB /* [CP] Copy Pods Resources */,
			);
			buildRules = (
			);
			dependencies = (
				D63684621DA3490F00255DD5 /* PBXTargetDependency */,
			);
			name = V2exLoginTests;
			productName = V2exLoginTests;
			productReference = D63684601DA3490F00255DD5 /* V2exLoginTests.xctest */;
			productType = "com.apple.product-type.bundle.unit-test";
		};
/* End PBXNativeTarget section */

/* Begin PBXProject section */
		D63684441DA3490F00255DD5 /* Project object */ = {
			isa = PBXProject;
			attributes = {
				LastSwiftUpdateCheck = 0800;
				LastUpgradeCheck = 0800;
				ORGANIZATIONNAME = tripleCC;
				TargetAttributes = {
					D636844B1DA3490F00255DD5 = {
						CreatedOnToolsVersion = 8.0;
						DevelopmentTeam = 7DG5WQWWY9;
						LastSwiftMigration = 0800;
						ProvisioningStyle = Automatic;
					};
					D636845F1DA3490F00255DD5 = {
						CreatedOnToolsVersion = 8.0;
						DevelopmentTeam = 7DG5WQWWY9;
						LastSwiftMigration = 0800;
						ProvisioningStyle = Automatic;
						TestTargetID = D636844B1DA3490F00255DD5;
					};
				};
			};
			buildConfigurationList = D63684471DA3490F00255DD5 /* Build configuration list for PBXProject "V2exLogin" */;
			compatibilityVersion = "Xcode 3.2";
			developmentRegion = English;
			hasScannedForEncodings = 0;
			knownRegions = (
				en,
				Base,
			);
			mainGroup = D63684431DA3490F00255DD5;
			productRefGroup = D636844D1DA3490F00255DD5 /* Products */;
			projectDirPath = "";
			projectRoot = "";
			targets = (
				D636844B1DA3490F00255DD5 /* V2exLogin */,
				D636845F1DA3490F00255DD5 /* V2exLoginTests */,
			);
		};
/* End PBXProject section */

/* Begin PBXResourcesBuildPhase section */
		D636844A1DA3490F00255DD5 /* Resources */ = {
			isa = PBXResourcesBuildPhase;
			buildActionMask = 2147483647;
			files = (
				D636845A1DA3490F00255DD5 /* LaunchScreen.storyboard in Resources */,
				D63684571DA3490F00255DD5 /* Assets.xcassets in Resources */,
				D63684551DA3490F00255DD5 /* Main.storyboard in Resources */,
			);
			runOnlyForDeploymentPostprocessing = 0;
		};
		D636845E1DA3490F00255DD5 /* Resources */ = {
			isa = PBXResourcesBuildPhase;
			buildActionMask = 2147483647;
			files = (
			);
			runOnlyForDeploymentPostprocessing = 0;
		};
/* End PBXResourcesBuildPhase section */

/* Begin PBXShellScriptBuildPhase section */
		33405474342A7AD460C80A11 /* [CP] Embed Pods Frameworks */ = {
			isa = PBXShellScriptBuildPhase;
			buildActionMask = 2147483647;
			files = (
			);
			inputPaths = (
			);
			name = "[CP] Embed Pods Frameworks";
			outputPaths = (
			);
			runOnlyForDeploymentPostprocessing = 0;
			shellPath = /bin/sh;
			shellScript = "\"${SRCROOT}/Pods/Target Support Files/Pods-V2exLoginTests/Pods-V2exLoginTests-frameworks.sh\"\n";
			showEnvVarsInLog = 0;
		};
		679EF1D2E2FFDB679B2E8CAB /* [CP] Copy Pods Resources */ = {
			isa = PBXShellScriptBuildPhase;
			buildActionMask = 2147483647;
			files = (
			);
			inputPaths = (
			);
			name = "[CP] Copy Pods Resources";
			outputPaths = (
			);
			runOnlyForDeploymentPostprocessing = 0;
			shellPath = /bin/sh;
			shellScript = "\"${SRCROOT}/Pods/Target Support Files/Pods-V2exLoginTests/Pods-V2exLoginTests-resources.sh\"\n";
			showEnvVarsInLog = 0;
		};
		72E233A45AD7E51166E1CD06 /* [CP] Embed Pods Frameworks */ = {
			isa = PBXShellScriptBuildPhase;
			buildActionMask = 2147483647;
			files = (
			);
			inputPaths = (
			);
			name = "[CP] Embed Pods Frameworks";
			outputPaths = (
			);
			runOnlyForDeploymentPostprocessing = 0;
			shellPath = /bin/sh;
			shellScript = "\"${SRCROOT}/Pods/Target Support Files/Pods-V2exLogin/Pods-V2exLogin-frameworks.sh\"\n";
			showEnvVarsInLog = 0;
		};
		92D94132DBCF2298E644FB27 /* [CP] Copy Pods Resources */ = {
			isa = PBXShellScriptBuildPhase;
			buildActionMask = 2147483647;
			files = (
			);
			inputPaths = (
			);
			name = "[CP] Copy Pods Resources";
			outputPaths = (
			);
			runOnlyForDeploymentPostprocessing = 0;
			shellPath = /bin/sh;
			shellScript = "\"${SRCROOT}/Pods/Target Support Files/Pods-V2exLogin/Pods-V2exLogin-resources.sh\"\n";
			showEnvVarsInLog = 0;
		};
		A3C165FEF8BF81CFE2554D77 /* [CP] Check Pods Manifest.lock */ = {
			isa = PBXShellScriptBuildPhase;
			buildActionMask = 2147483647;
			files = (
			);
			inputPaths = (
			);
			name = "[CP] Check Pods Manifest.lock";
			outputPaths = (
			);
			runOnlyForDeploymentPostprocessing = 0;
			shellPath = /bin/sh;
			shellScript = "diff \"${PODS_ROOT}/../Podfile.lock\" \"${PODS_ROOT}/Manifest.lock\" > /dev/null\nif [[ $? != 0 ]] ; then\n    cat << EOM\nerror: The sandbox is not in sync with the Podfile.lock. Run 'pod install' or update your CocoaPods installation.\nEOM\n    exit 1\nfi\n";
			showEnvVarsInLog = 0;
		};
		F747AB148C71B901FF73A002 /* [CP] Check Pods Manifest.lock */ = {
			isa = PBXShellScriptBuildPhase;
			buildActionMask = 2147483647;
			files = (
			);
			inputPaths = (
			);
			name = "[CP] Check Pods Manifest.lock";
			outputPaths = (
			);
			runOnlyForDeploymentPostprocessing = 0;
			shellPath = /bin/sh;
			shellScript = "diff \"${PODS_ROOT}/../Podfile.lock\" \"${PODS_ROOT}/Manifest.lock\" > /dev/null\nif [[ $? != 0 ]] ; then\n    cat << EOM\nerror: The sandbox is not in sync with the Podfile.lock. Run 'pod install' or update your CocoaPods installation.\nEOM\n    exit 1\nfi\n";
			showEnvVarsInLog = 0;
		};
/* End PBXShellScriptBuildPhase section */

/* Begin PBXSourcesBuildPhase section */
		D63684481DA3490F00255DD5 /* Sources */ = {
			isa = PBXSourcesBuildPhase;
			buildActionMask = 2147483647;
			files = (
				D636849B1DA5492700255DD5 /* V2exViewModel.swift in Sources */,
				D63684821DA3B7EC00255DD5 /* V2exAccount.swift in Sources */,
				D63684881DA4B77B00255DD5 /* V2exLoginViewModel.swift in Sources */,
				D686A7C51DAFBEBC007A5CF3 /* V2exReply.swift in Sources */,
				D686A7BF1DAFB3B5007A5CF3 /* V2exAvatar.swift in Sources */,
				D63684521DA3490F00255DD5 /* ViewController.swift in Sources */,
				D63684831DA3B7EC00255DD5 /* V2exAppContext.swift in Sources */,
				D63684A31DA654FC00255DD5 /* V2exLoginValidation.swift in Sources */,
				D686A7AB1DAF72E0007A5CF3 /* Moya+ObjectMapper+Rx.swift in Sources */,
				D636847E1DA3B7E800255DD5 /* V2exLoginManager.swift in Sources */,
				D686A7AE1DAF72E0007A5CF3 /* V2exAPI.swift in Sources */,
				D63684991DA5477200255DD5 /* V2exMember.swift in Sources */,
				D686A7C71DAFBFC4007A5CF3 /* V2exAPI+Reply.swift in Sources */,
				D686A7AD1DAF72E0007A5CF3 /* V2exAPI+Member.swift in Sources */,
				D63684861DA4B76400255DD5 /* V2exLoginViewController.swift in Sources */,
				D63684721DA36BB800255DD5 /* V2exHTMLParser.swift in Sources */,
				D63684501DA3490F00255DD5 /* AppDelegate.swift in Sources */,
				D686A7BB1DAFB27B007A5CF3 /* V2exTopic.swift in Sources */,
				D686A7BD1DAFB354007A5CF3 /* V2exNode.swift in Sources */,
				D686A7D11DAFC1A2007A5CF3 /* V2exAPI+Login.swift in Sources */,
				D686A7C31DAFB5B9007A5CF3 /* V2exAPI+Node.swift in Sources */,
				D686A7C11DAFB5A7007A5CF3 /* V2exAPI+Topic.swift in Sources */,
			);
			runOnlyForDeploymentPostprocessing = 0;
		};
		D636845C1DA3490F00255DD5 /* Sources */ = {
			isa = PBXSourcesBuildPhase;
			buildActionMask = 2147483647;
			files = (
				D63684891DA4BFCC00255DD5 /* V2exAccount.swift in Sources */,
				D686A7D01DAFC1A1007A5CF3 /* V2exAPI+Login.swift in Sources */,
				D686A7B11DAF77AB007A5CF3 /* V2exLoginValidation.swift in Sources */,
				D686A7C81DAFC106007A5CF3 /* V2exReply.swift in Sources */,
				D63684951DA4CA2200255DD5 /* V2exAppContext.swift in Sources */,
				D686A7CA1DAFC10C007A5CF3 /* V2exNode.swift in Sources */,
				D63684971DA4CFD800255DD5 /* V2exLoginManager.swift in Sources */,
				D63684961DA4CEB400255DD5 /* V2exHTMLParser.swift in Sources */,
				D686A7B21DAF77C1007A5CF3 /* V2exAPI.swift in Sources */,
				D63684941DA4CA1D00255DD5 /* V2exLoginViewModel.swift in Sources */,
				D686A7C91DAFC108007A5CF3 /* V2exAvatar.swift in Sources */,
				D63684651DA3490F00255DD5 /* V2exLoginTests.swift in Sources */,
				D686A7B01DAF779A007A5CF3 /* V2exMember.swift in Sources */,
				D686A7AF1DAF778C007A5CF3 /* V2exViewModel.swift in Sources */,
				D686A7CB1DAFC10F007A5CF3 /* V2exTopic.swift in Sources */,
			);
			runOnlyForDeploymentPostprocessing = 0;
		};
/* End PBXSourcesBuildPhase section */

/* Begin PBXTargetDependency section */
		D63684621DA3490F00255DD5 /* PBXTargetDependency */ = {
			isa = PBXTargetDependency;
			target = D636844B1DA3490F00255DD5 /* V2exLogin */;
			targetProxy = D63684611DA3490F00255DD5 /* PBXContainerItemProxy */;
		};
/* End PBXTargetDependency section */

/* Begin PBXVariantGroup section */
		D63684531DA3490F00255DD5 /* Main.storyboard */ = {
			isa = PBXVariantGroup;
			children = (
				D63684541DA3490F00255DD5 /* Base */,
			);
			name = Main.storyboard;
			sourceTree = "<group>";
		};
		D63684581DA3490F00255DD5 /* LaunchScreen.storyboard */ = {
			isa = PBXVariantGroup;
			children = (
				D63684591DA3490F00255DD5 /* Base */,
			);
			name = LaunchScreen.storyboard;
			sourceTree = "<group>";
		};
/* End PBXVariantGroup section */

/* Begin XCBuildConfiguration section */
		D63684671DA3490F00255DD5 /* Debug */ = {
			isa = XCBuildConfiguration;
			buildSettings = {
				ALWAYS_SEARCH_USER_PATHS = NO;
				CLANG_ANALYZER_NONNULL = YES;
				CLANG_CXX_LANGUAGE_STANDARD = "gnu++0x";
				CLANG_CXX_LIBRARY = "libc++";
				CLANG_ENABLE_MODULES = YES;
				CLANG_ENABLE_OBJC_ARC = YES;
				CLANG_WARN_BOOL_CONVERSION = YES;
				CLANG_WARN_CONSTANT_CONVERSION = YES;
				CLANG_WARN_DIRECT_OBJC_ISA_USAGE = YES_ERROR;
				CLANG_WARN_DOCUMENTATION_COMMENTS = YES;
				CLANG_WARN_EMPTY_BODY = YES;
				CLANG_WARN_ENUM_CONVERSION = YES;
				CLANG_WARN_INFINITE_RECURSION = YES;
				CLANG_WARN_INT_CONVERSION = YES;
				CLANG_WARN_OBJC_ROOT_CLASS = YES_ERROR;
				CLANG_WARN_SUSPICIOUS_MOVES = YES;
				CLANG_WARN_UNREACHABLE_CODE = YES;
				CLANG_WARN__DUPLICATE_METHOD_MATCH = YES;
				"CODE_SIGN_IDENTITY[sdk=iphoneos*]" = "iPhone Developer";
				COPY_PHASE_STRIP = NO;
				DEBUG_INFORMATION_FORMAT = dwarf;
				ENABLE_STRICT_OBJC_MSGSEND = YES;
				ENABLE_TESTABILITY = YES;
				GCC_C_LANGUAGE_STANDARD = gnu99;
				GCC_DYNAMIC_NO_PIC = NO;
				GCC_NO_COMMON_BLOCKS = YES;
				GCC_OPTIMIZATION_LEVEL = 0;
				GCC_PREPROCESSOR_DEFINITIONS = (
					"DEBUG=1",
					"$(inherited)",
				);
				GCC_WARN_64_TO_32_BIT_CONVERSION = YES;
				GCC_WARN_ABOUT_RETURN_TYPE = YES_ERROR;
				GCC_WARN_UNDECLARED_SELECTOR = YES;
				GCC_WARN_UNINITIALIZED_AUTOS = YES_AGGRESSIVE;
				GCC_WARN_UNUSED_FUNCTION = YES;
				GCC_WARN_UNUSED_VARIABLE = YES;
				IPHONEOS_DEPLOYMENT_TARGET = 10.0;
				MTL_ENABLE_DEBUG_INFO = YES;
				ONLY_ACTIVE_ARCH = YES;
				SDKROOT = iphoneos;
				SWIFT_ACTIVE_COMPILATION_CONDITIONS = DEBUG;
				SWIFT_OPTIMIZATION_LEVEL = "-Onone";
				TARGETED_DEVICE_FAMILY = "1,2";
			};
			name = Debug;
		};
		D63684681DA3490F00255DD5 /* Release */ = {
			isa = XCBuildConfiguration;
			buildSettings = {
				ALWAYS_SEARCH_USER_PATHS = NO;
				CLANG_ANALYZER_NONNULL = YES;
				CLANG_CXX_LANGUAGE_STANDARD = "gnu++0x";
				CLANG_CXX_LIBRARY = "libc++";
				CLANG_ENABLE_MODULES = YES;
				CLANG_ENABLE_OBJC_ARC = YES;
				CLANG_WARN_BOOL_CONVERSION = YES;
				CLANG_WARN_CONSTANT_CONVERSION = YES;
				CLANG_WARN_DIRECT_OBJC_ISA_USAGE = YES_ERROR;
				CLANG_WARN_DOCUMENTATION_COMMENTS = YES;
				CLANG_WARN_EMPTY_BODY = YES;
				CLANG_WARN_ENUM_CONVERSION = YES;
				CLANG_WARN_INFINITE_RECURSION = YES;
				CLANG_WARN_INT_CONVERSION = YES;
				CLANG_WARN_OBJC_ROOT_CLASS = YES_ERROR;
				CLANG_WARN_SUSPICIOUS_MOVES = YES;
				CLANG_WARN_UNREACHABLE_CODE = YES;
				CLANG_WARN__DUPLICATE_METHOD_MATCH = YES;
				"CODE_SIGN_IDENTITY[sdk=iphoneos*]" = "iPhone Developer";
				COPY_PHASE_STRIP = NO;
				DEBUG_INFORMATION_FORMAT = "dwarf-with-dsym";
				ENABLE_NS_ASSERTIONS = NO;
				ENABLE_STRICT_OBJC_MSGSEND = YES;
				GCC_C_LANGUAGE_STANDARD = gnu99;
				GCC_NO_COMMON_BLOCKS = YES;
				GCC_WARN_64_TO_32_BIT_CONVERSION = YES;
				GCC_WARN_ABOUT_RETURN_TYPE = YES_ERROR;
				GCC_WARN_UNDECLARED_SELECTOR = YES;
				GCC_WARN_UNINITIALIZED_AUTOS = YES_AGGRESSIVE;
				GCC_WARN_UNUSED_FUNCTION = YES;
				GCC_WARN_UNUSED_VARIABLE = YES;
				IPHONEOS_DEPLOYMENT_TARGET = 10.0;
				MTL_ENABLE_DEBUG_INFO = NO;
				SDKROOT = iphoneos;
				SWIFT_OPTIMIZATION_LEVEL = "-Owholemodule";
				TARGETED_DEVICE_FAMILY = "1,2";
				VALIDATE_PRODUCT = YES;
			};
			name = Release;
		};
		D636846A1DA3490F00255DD5 /* Debug */ = {
			isa = XCBuildConfiguration;
			baseConfigurationReference = 7D71012EF0DEC969BCDEF2C8 /* Pods-V2exLogin.debug.xcconfig */;
			buildSettings = {
				ASSETCATALOG_COMPILER_APPICON_NAME = AppIcon;
				DEVELOPMENT_TEAM = 7DG5WQWWY9;
				INFOPLIST_FILE = V2exLogin/Info.plist;
				LD_RUNPATH_SEARCH_PATHS = "$(inherited) @executable_path/Frameworks";
				PRODUCT_BUNDLE_IDENTIFIER = com.triplec.V2exLogin;
				PRODUCT_NAME = "$(TARGET_NAME)";
				SWIFT_VERSION = 3.0;
			};
			name = Debug;
		};
		D636846B1DA3490F00255DD5 /* Release */ = {
			isa = XCBuildConfiguration;
			baseConfigurationReference = C4F1E30B8710ADA7DE6A8719 /* Pods-V2exLogin.release.xcconfig */;
			buildSettings = {
				ASSETCATALOG_COMPILER_APPICON_NAME = AppIcon;
				DEVELOPMENT_TEAM = 7DG5WQWWY9;
				INFOPLIST_FILE = V2exLogin/Info.plist;
				LD_RUNPATH_SEARCH_PATHS = "$(inherited) @executable_path/Frameworks";
				PRODUCT_BUNDLE_IDENTIFIER = com.triplec.V2exLogin;
				PRODUCT_NAME = "$(TARGET_NAME)";
				SWIFT_VERSION = 3.0;
			};
			name = Release;
		};
		D636846D1DA3490F00255DD5 /* Debug */ = {
			isa = XCBuildConfiguration;
			baseConfigurationReference = E6F1F559C34A8B154AF255B2 /* Pods-V2exLoginTests.debug.xcconfig */;
			buildSettings = {
				ALWAYS_EMBED_SWIFT_STANDARD_LIBRARIES = YES;
				BUNDLE_LOADER = "$(TEST_HOST)";
				DEVELOPMENT_TEAM = 7DG5WQWWY9;
				INFOPLIST_FILE = V2exLoginTests/Info.plist;
				LD_RUNPATH_SEARCH_PATHS = "$(inherited) @executable_path/Frameworks @loader_path/Frameworks";
				PRODUCT_BUNDLE_IDENTIFIER = com.triplec.V2exLoginTests;
				PRODUCT_NAME = "$(TARGET_NAME)";
				SWIFT_VERSION = 3.0;
				TEST_HOST = "$(BUILT_PRODUCTS_DIR)/V2exLogin.app/V2exLogin";
			};
			name = Debug;
		};
		D636846E1DA3490F00255DD5 /* Release */ = {
			isa = XCBuildConfiguration;
			baseConfigurationReference = 29BEF721AE0721BAEEC2EEFB /* Pods-V2exLoginTests.release.xcconfig */;
			buildSettings = {
				ALWAYS_EMBED_SWIFT_STANDARD_LIBRARIES = YES;
				BUNDLE_LOADER = "$(TEST_HOST)";
				DEVELOPMENT_TEAM = 7DG5WQWWY9;
				INFOPLIST_FILE = V2exLoginTests/Info.plist;
				LD_RUNPATH_SEARCH_PATHS = "$(inherited) @executable_path/Frameworks @loader_path/Frameworks";
				PRODUCT_BUNDLE_IDENTIFIER = com.triplec.V2exLoginTests;
				PRODUCT_NAME = "$(TARGET_NAME)";
				SWIFT_VERSION = 3.0;
				TEST_HOST = "$(BUILT_PRODUCTS_DIR)/V2exLogin.app/V2exLogin";
			};
			name = Release;
		};
/* End XCBuildConfiguration section */

/* Begin XCConfigurationList section */
		D63684471DA3490F00255DD5 /* Build configuration list for PBXProject "V2exLogin" */ = {
			isa = XCConfigurationList;
			buildConfigurations = (
				D63684671DA3490F00255DD5 /* Debug */,
				D63684681DA3490F00255DD5 /* Release */,
			);
			defaultConfigurationIsVisible = 0;
			defaultConfigurationName = Release;
		};
		D63684691DA3490F00255DD5 /* Build configuration list for PBXNativeTarget "V2exLogin" */ = {
			isa = XCConfigurationList;
			buildConfigurations = (
				D636846A1DA3490F00255DD5 /* Debug */,
				D636846B1DA3490F00255DD5 /* Release */,
			);
			defaultConfigurationIsVisible = 0;
			defaultConfigurationName = Release;
		};
		D636846C1DA3490F00255DD5 /* Build configuration list for PBXNativeTarget "V2exLoginTests" */ = {
			isa = XCConfigurationList;
			buildConfigurations = (
				D636846D1DA3490F00255DD5 /* Debug */,
				D636846E1DA3490F00255DD5 /* Release */,
			);
			defaultConfigurationIsVisible = 0;
			defaultConfigurationName = Release;
		};
/* End XCConfigurationList section */
	};
	rootObject = D63684441DA3490F00255DD5 /* Project object */;
}
